
Microsoft Visual Studio Solution File, Format Version 12.00
# Visual Studio Version 17
VisualStudioVersion = 17.11.35327.3
MinimumVisualStudioVersion = 10.0.40219.1
Project("{FAE04EC0-301F-11D3-BF4B-00C04F79EFBC}") = "Ajedrez", "Ajedrez\Ajedrez.csproj", "{7277C9E5-65A8-4B4D-9A0F-32095F80F2FF}"
EndProject
Global
	GlobalSection(SolutionConfigurationPlatforms) = preSolution
		Debug|Any CPU = Debug|Any CPU
		Release|Any CPU = Release|Any CPU
	EndGlobalSection
	GlobalSection(ProjectConfigurationPlatforms) = postSolution
		{7277C9E5-65A8-4B4D-9A0F-32095F80F2FF}.Debug|Any CPU.ActiveCfg = Debug|Any CPU
		{7277C9E5-65A8-4B4D-9A0F-32095F80F2FF}.Debug|Any CPU.Build.0 = Debug|Any CPU
		{7277C9E5-65A8-4B4D-9A0F-32095F80F2FF}.Release|Any CPU.ActiveCfg = Release|Any CPU
		{7277C9E5-65A8-4B4D-9A0F-32095F80F2FF}.Release|Any CPU.Build.0 = Release|Any CPU
	EndGlobalSection
	GlobalSection(SolutionProperties) = preSolution
		HideSolutionNode = FALSE
	EndGlobalSection
	GlobalSection(ExtensibilityGlobals) = postSolution
		SolutionGuid = {DA5CDCE0-89D7-42C6-87A5-04B6221C6F6D}
	EndGlobalSection
EndGlobal
